
Microsoft Visual Studio Solution File, Format Version 12.00
# Visual Studio Version 16
VisualStudioVersion = 16.0.29728.190
MinimumVisualStudioVersion = 10.0.40219.1
Project("{8BC9CEB8-8B4A-11D0-8D11-00A0C91BC942}") = "shellcode_generate", "shellcode\shellcode.vcxproj", "{AFE25001-AD3B-4B32-86B3-DECC69F30807}"
EndProject
Project("{8BC9CEB8-8B4A-11D0-8D11-00A0C91BC942}") = "shellcode_test", "shellcode_test\shellcode_test.vcxproj", "{78B0CC82-7952-4E76-A5C6-56DAAFDA81B5}"
EndProject
Global
	GlobalSection(SolutionConfigurationPlatforms) = preSolution
		Debug|x64 = Debug|x64
		Debug|x86 = Debug|x86
		Release|x64 = Release|x64
		Release|x86 = Release|x86
	EndGlobalSection
	GlobalSection(ProjectConfigurationPlatforms) = postSolution
		{AFE25001-AD3B-4B32-86B3-DECC69F30807}.Debug|x64.ActiveCfg = Debug|x64
		{AFE25001-AD3B-4B32-86B3-DECC69F30807}.Debug|x64.Build.0 = Debug|x64
		{AFE25001-AD3B-4B32-86B3-DECC69F30807}.Debug|x86.ActiveCfg = Debug|Win32
		{AFE25001-AD3B-4B32-86B3-DECC69F30807}.Debug|x86.Build.0 = Debug|Win32
		{AFE25001-AD3B-4B32-86B3-DECC69F30807}.Release|x64.ActiveCfg = Release|x64
		{AFE25001-AD3B-4B32-86B3-DECC69F30807}.Release|x64.Build.0 = Release|x64
		{AFE25001-AD3B-4B32-86B3-DECC69F30807}.Release|x86.ActiveCfg = Release|Win32
		{AFE25001-AD3B-4B32-86B3-DECC69F30807}.Release|x86.Build.0 = Release|Win32
		{78B0CC82-7952-4E76-A5C6-56DAAFDA81B5}.Debug|x64.ActiveCfg = Debug|x64
		{78B0CC82-7952-4E76-A5C6-56DAAFDA81B5}.Debug|x64.Build.0 = Debug|x64
		{78B0CC82-7952-4E76-A5C6-56DAAFDA81B5}.Debug|x86.ActiveCfg = Debug|Win32
		{78B0CC82-7952-4E76-A5C6-56DAAFDA81B5}.Debug|x86.Build.0 = Debug|Win32
		{78B0CC82-7952-4E76-A5C6-56DAAFDA81B5}.Release|x64.ActiveCfg = Release|x64
		{78B0CC82-7952-4E76-A5C6-56DAAFDA81B5}.Release|x64.Build.0 = Release|x64
		{78B0CC82-7952-4E76-A5C6-56DAAFDA81B5}.Release|x86.ActiveCfg = Release|Win32
		{78B0CC82-7952-4E76-A5C6-56DAAFDA81B5}.Release|x86.Build.0 = Release|Win32
	EndGlobalSection
	GlobalSection(SolutionProperties) = preSolution
		HideSolutionNode = FALSE
	EndGlobalSection
	GlobalSection(ExtensibilityGlobals) = postSolution
		SolutionGuid = {91FD8D9A-3DFF-4D33-8556-D084E288820A}
	EndGlobalSection
EndGlobal
